<?xml version="1.0" encoding="utf-8"?>
<Project ToolsVersion="4.0" xmlns="http://schemas.microsoft.com/developer/msbuild/2003">
  <ItemGroup>
    <Filter Include="Source Files">
      <UniqueIdentifier>{4FC737F1-C7A5-4376-A066-2A32D752A2FF}</UniqueIdentifier>
      <Extensions>cpp;c;cc;cxx;def;odl;idl;hpj;bat;asm;asmx</Extensions>
    </Filter>
    <Filter Include="Header Files">
      <UniqueIdentifier>{93995380-89BD-4b04-88EB-625FBE52EBFB}</UniqueIdentifier>
      <Extensions>h;hh;hpp;hxx;hm;inl;inc;xsd</Extensions>
    </Filter>
    <Filter Include="Resource Files">
      <UniqueIdentifier>{67DA6AB6-F800-4c08-8B7A-83BB121AAD01}</UniqueIdentifier>
      <Extensions>rc;ico;cur;bmp;dlg;rc2;rct;bin;rgs;gif;jpg;jpeg;jpe;resx;tiff;tif;png;wav</Extensions>
    </Filter>
  </ItemGroup>
  <ItemGroup>
    <ClCompile Include="src\main.cpp">
      <Filter>Source Files</Filter>
    </ClCompile>
    <ClCompile Include="src\uci.cpp">
      <Filter>Source Files</Filter>
    </ClCompile>
    <ClCompile Include="src\uci_handlers.cpp">
      <Filter>Source Files</Filter>
    </ClCompile>
    <ClCompile Include="src\board\board.cpp">
      <Filter>Source Files</Filter>
    </ClCompile>
    <ClCompile Include="src\board\piece\piece.cpp">
      <Filter>Source Files</Filter>
    </ClCompile>
    <ClCompile Include="src\imagereader\imageReader.cpp">
      <Filter>Source Files</Filter>
    </ClCompile>
    <ClCompile Include="src\logger\logger.cpp">
      <Filter>Source Files</Filter>
    </ClCompile>
    <ClCompile Include="src\util\util.cpp">
      <Filter>Source Files</Filter>
    </ClCompile>
    <ClCompile Include="src\util\bitmap\bitmap.cpp">
      <Filter>Source Files</Filter>
    </ClCompile>
    <ClCompile Include="src\util\image\image.cpp">
      <Filter>Source Files</Filter>
    </ClCompile>
    <ClCompile Include="src\util\pixel\pixel.cpp">
      <Filter>Source Files</Filter>
    </ClCompile>
    <ClCompile Include="src\windowprocess\windowProcess.cpp">
      <Filter>Source Files</Filter>
    </ClCompile>
    <ClCompile Include="src\Util\BitmapCollection\bitmapCollection.cpp">
      <Filter>Source Files</Filter>
    </ClCompile>
  </ItemGroup>
  <ItemGroup>
    <ClInclude Include="Include\logger.h">
      <Filter>Header Files</Filter>
    </ClInclude>
    <ClInclude Include="Include\loggerDef.h">
      <Filter>Header Files</Filter>
    </ClInclude>
    <ClInclude Include="Include\bitmap.h">
      <Filter>Header Files</Filter>
    </ClInclude>
    <ClInclude Include="Include\board.h">
      <Filter>Header Files</Filter>
    </ClInclude>
    <ClInclude Include="Include\Image.h">
      <Filter>Header Files</Filter>
    </ClInclude>
    <ClInclude Include="Include\imageReader.h">
      <Filter>Header Files</Filter>
    </ClInclude>
    <ClInclude Include="Include\piece.h">
      <Filter>Header Files</Filter>
    </ClInclude>
    <ClInclude Include="Include\pixel.h">
      <Filter>Header Files</Filter>
    </ClInclude>
    <ClInclude Include="Include\uci.h">
      <Filter>Header Files</Filter>
    </ClInclude>
    <ClInclude Include="Include\windowProcess.h">
      <Filter>Header Files</Filter>
    </ClInclude>
    <ClInclude Include="Include\constants.h">
      <Filter>Header Files</Filter>
    </ClInclude>
    <ClInclude Include="Include\util.h">
      <Filter>Header Files</Filter>
    </ClInclude>
  </ItemGroup>
  <ItemGroup>
    <None Include="Images\rook_black.ppm" />
    <None Include="Images\rook_white.ppm" />
    <None Include="Images\queen_white.ppm" />
    <None Include="Images\queen_black.ppm" />
    <None Include="Images\pawn_white.ppm" />
    <None Include="Images\pawn_black.ppm" />
    <None Include="Images\knight_white.ppm" />
    <None Include="Images\knight_black.ppm" />
    <None Include="Images\king_white.ppm" />
    <None Include="Images\king_black.ppm" />
    <None Include="Images\bishop_white.ppm" />
    <None Include="Images\bishop_black.ppm" />
  </ItemGroup>
</Project>